
Microsoft Visual Studio Solution File, Format Version 12.00
# Visual Studio Version 17
VisualStudioVersion = 17.7.34221.43
MinimumVisualStudioVersion = 10.0.40219.1
Project("{FAE04EC0-301F-11D3-BF4B-00C04F79EFBC}") = "InscripcionUsuarioEjemploWebAsp", "InscripcionUsuarioEjemploWebAsp\InscripcionUsuarioEjemploWebAsp.csproj", "{F2AEB460-4DB1-42BA-A4AD-38157F4A664A}"
EndProject
Global
	GlobalSection(SolutionConfigurationPlatforms) = preSolution
		Debug|Any CPU = Debug|Any CPU
		Release|Any CPU = Release|Any CPU
	EndGlobalSection
	GlobalSection(ProjectConfigurationPlatforms) = postSolution
		{F2AEB460-4DB1-42BA-A4AD-38157F4A664A}.Debug|Any CPU.ActiveCfg = Debug|Any CPU
		{F2AEB460-4DB1-42BA-A4AD-38157F4A664A}.Debug|Any CPU.Build.0 = Debug|Any CPU
		{F2AEB460-4DB1-42BA-A4AD-38157F4A664A}.Release|Any CPU.ActiveCfg = Release|Any CPU
		{F2AEB460-4DB1-42BA-A4AD-38157F4A664A}.Release|Any CPU.Build.0 = Release|Any CPU
	EndGlobalSection
	GlobalSection(SolutionProperties) = preSolution
		HideSolutionNode = FALSE
	EndGlobalSection
	GlobalSection(ExtensibilityGlobals) = postSolution
		SolutionGuid = {B943EE77-8873-46D8-8F75-D9B8BDA09127}
	EndGlobalSection
EndGlobal
